{
  "name": "tinejs.next",
  "version": "0.0.1",
  "lockfileVersion": 2,
  "requires": true,
  "packages": {
    "": {
      "name": "tinejs.next",
      "version": "0.0.1",
      "license": "ISC",
      "dependencies": {
        "tinejs": "^0.0.1"
      },
      "devDependencies": {
        "typescript": "^5.0.4"
      }
    },
    "node_modules/tinejs": {
      "version": "0.0.1",
      "resolved": "https://registry.npmjs.org/tinejs/-/tinejs-0.0.1.tgz",
      "integrity": "sha512-QkZhNp34KWSHvnxp08lxN6RL7y1qy3xYMk17Uq8qzpv395mSGKivwXsy8ICHSip3bQtx8Z7tB2MK79OpLijdhA==",
      "dependencies": {
        "zod": "^3.21.4"
      }
    },
    "node_modules/typescript": {
      "version": "5.0.4",
      "resolved": "https://registry.npmjs.org/typescript/-/typescript-5.0.4.tgz",
      "integrity": "sha512-cW9T5W9xY37cc+jfEnaUvX91foxtHkza3Nw3wkoF4sSlKn0MONdkdEndig/qPBWXNkmplh3NzayQzCiHM4/hqw==",
      "dev": true,
      "bin": {
        "tsc": "bin/tsc",
        "tsserver": "bin/tsserver"
      },
      "engines": {
        "node": ">=12.20"
      }
    },
    "node_modules/zod": {
      "version": "3.21.4",
      "resolved": "https://registry.npmjs.org/zod/-/zod-3.21.4.tgz",
      "integrity": "sha512-m46AKbrzKVzOzs/DZgVnG5H55N1sv1M8qZU3A8RIKbs3mrACDNeIOeilDymVb2HdmP8uwshOCF4uJ8uM9rCqJw==",
      "funding": {
        "url": "https://github.com/sponsors/colinhacks"
      }
    }
  },
  "dependencies": {
    "tinejs": {
      "version": "0.0.1",
      "resolved": "https://registry.npmjs.org/tinejs/-/tinejs-0.0.1.tgz",
      "integrity": "sha512-QkZhNp34KWSHvnxp08lxN6RL7y1qy3xYMk17Uq8qzpv395mSGKivwXsy8ICHSip3bQtx8Z7tB2MK79OpLijdhA==",
      "requires": {
        "zod": "^3.21.4"
      }
    },
    "typescript": {
      "version": "5.0.4",
      "resolved": "https://registry.npmjs.org/typescript/-/typescript-5.0.4.tgz",
      "integrity": "sha512-cW9T5W9xY37cc+jfEnaUvX91foxtHkza3Nw3wkoF4sSlKn0MONdkdEndig/qPBWXNkmplh3NzayQzCiHM4/hqw==",
      "dev": true
    },
    "zod": {
      "version": "3.21.4",
      "resolved": "https://registry.npmjs.org/zod/-/zod-3.21.4.tgz",
      "integrity": "sha512-m46AKbrzKVzOzs/DZgVnG5H55N1sv1M8qZU3A8RIKbs3mrACDNeIOeilDymVb2HdmP8uwshOCF4uJ8uM9rCqJw=="
    }
  }
}
